
Microsoft Visual Studio Solution File, Format Version 12.00
# Visual Studio Version 16
VisualStudioVersion = 16.0.31424.327
MinimumVisualStudioVersion = 10.0.40219.1
Project("{FAE04EC0-301F-11D3-BF4B-00C04F79EFBC}") = "mecaTec_API", "mecaTec_API\mecaTec_API.csproj", "{95231E18-1E7E-4206-90B3-A39E1DE00A9C}"
EndProject
Global
	GlobalSection(SolutionConfigurationPlatforms) = preSolution
		Debug|Any CPU = Debug|Any CPU
		Release|Any CPU = Release|Any CPU
	EndGlobalSection
	GlobalSection(ProjectConfigurationPlatforms) = postSolution
		{95231E18-1E7E-4206-90B3-A39E1DE00A9C}.Debug|Any CPU.ActiveCfg = Debug|Any CPU
		{95231E18-1E7E-4206-90B3-A39E1DE00A9C}.Debug|Any CPU.Build.0 = Debug|Any CPU
		{95231E18-1E7E-4206-90B3-A39E1DE00A9C}.Release|Any CPU.ActiveCfg = Release|Any CPU
		{95231E18-1E7E-4206-90B3-A39E1DE00A9C}.Release|Any CPU.Build.0 = Release|Any CPU
	EndGlobalSection
	GlobalSection(SolutionProperties) = preSolution
		HideSolutionNode = FALSE
	EndGlobalSection
	GlobalSection(ExtensibilityGlobals) = postSolution
		SolutionGuid = {0B6E59E6-9B64-4E75-A4CD-D685DF7E2755}
	EndGlobalSection
EndGlobal
